# This file is automatically @generated by Poetry 1.6.1 and should not be changed by hand.

[[package]]
name = "astroid"
version = "3.0.0"
description = "An abstract syntax tree for Python with inference support."
optional = false
python-versions = ">=3.8.0"
files = [
    {file = "astroid-3.0.0-py3-none-any.whl", hash = "sha256:f2510e7fdcd6cfda4ec50014726d4857abf79acfc010084ce8c26091913f1b25"},
    {file = "astroid-3.0.0.tar.gz", hash = "sha256:1defdbca052635dd29657ea674edfc45e4b5be9cd53630c5b084fcfed94344a8"},
]

[[package]]
name = "colorama"
version = "0.4.6"
description = "Cross-platform colored terminal text."
optional = false
python-versions = "!=3.0.*,!=3.1.*,!=3.2.*,!=3.3.*,!=3.4.*,!=3.5.*,!=3.6.*,>=2.7"
files = [
    {file = "colorama-0.4.6-py2.py3-none-any.whl", hash = "sha256:4f1d9991f5acc0ca119f9d443620b77f9d6b33703e51011c16baf57afb285fc6"},
    {file = "colorama-0.4.6.tar.gz", hash = "sha256:08695f5cb7ed6e0531a20572697297273c47b8cae5a63ffc6d6ed5c201be6e44"},
]

[[package]]
name = "dill"
version = "0.3.7"
description = "serialize all of Python"
optional = false
python-versions = ">=3.7"
files = [
    {file = "dill-0.3.7-py3-none-any.whl", hash = "sha256:76b122c08ef4ce2eedcd4d1abd8e641114bfc6c2867f49f3c41facf65bf19f5e"},
    {file = "dill-0.3.7.tar.gz", hash = "sha256:cc1c8b182eb3013e24bd475ff2e9295af86c1a38eb1aff128dac8962a9ce3c03"},
]

[package.extras]
graph = ["objgraph (>=1.7.2)"]

[[package]]
name = "dnspython"
version = "2.4.2"
description = "DNS toolkit"
optional = false
python-versions = ">=3.8,<4.0"
files = [
    {file = "dnspython-2.4.2-py3-none-any.whl", hash = "sha256:57c6fbaaeaaf39c891292012060beb141791735dbb4004798328fc2c467402d8"},
    {file = "dnspython-2.4.2.tar.gz", hash = "sha256:8dcfae8c7460a2f84b4072e26f1c9f4101ca20c071649cb7c34e8b6a93d58984"},
]

[package.extras]
dnssec = ["cryptography (>=2.6,<42.0)"]
doh = ["h2 (>=4.1.0)", "httpcore (>=0.17.3)", "httpx (>=0.24.1)"]
doq = ["aioquic (>=0.9.20)"]
idna = ["idna (>=2.1,<4.0)"]
trio = ["trio (>=0.14,<0.23)"]
wmi = ["wmi (>=1.5.1,<2.0.0)"]

[[package]]
name = "importlib-metadata"
version = "6.8.0"
description = "Read metadata from Python packages"
optional = false
python-versions = ">=3.8"
files = [
    {file = "importlib_metadata-6.8.0-py3-none-any.whl", hash = "sha256:3ebb78df84a805d7698245025b975d9d67053cd94c79245ba4b3eb694abe68bb"},
    {file = "importlib_metadata-6.8.0.tar.gz", hash = "sha256:dbace7892d8c0c4ac1ad096662232f831d4e64f4c4545bd53016a3e9d4654743"},
]

[package.dependencies]
zipp = ">=0.5"

[package.extras]
docs = ["furo", "jaraco.packaging (>=9)", "jaraco.tidelift (>=1.4)", "rst.linker (>=1.9)", "sphinx (>=3.5)", "sphinx-lint"]
perf = ["ipython"]
testing = ["flufl.flake8", "importlib-resources (>=1.3)", "packaging", "pyfakefs", "pytest (>=6)", "pytest-black (>=0.3.7)", "pytest-checkdocs (>=2.4)", "pytest-cov", "pytest-enabler (>=2.2)", "pytest-mypy (>=0.9.1)", "pytest-perf (>=0.9.2)", "pytest-ruff"]

[[package]]
name = "isort"
version = "5.12.0"
description = "A Python utility / library to sort Python imports."
optional = false
python-versions = ">=3.8.0"
files = [
    {file = "isort-5.12.0-py3-none-any.whl", hash = "sha256:f84c2818376e66cf843d497486ea8fed8700b340f308f076c6fb1229dff318b6"},
    {file = "isort-5.12.0.tar.gz", hash = "sha256:8bef7dde241278824a6d83f44a544709b065191b95b6e50894bdc722fcba0504"},
]

[package.extras]
colors = ["colorama (>=0.4.3)"]
pipfile-deprecated-finder = ["pip-shims (>=0.5.2)", "pipreqs", "requirementslib"]
plugins = ["setuptools"]
requirements-deprecated-finder = ["pip-api", "pipreqs"]

[[package]]
name = "lmdb"
version = "1.4.1"
description = "Universal Python binding for the LMDB 'Lightning' Database"
optional = false
python-versions = "*"
files = [
    {file = "lmdb-1.4.1-cp27-cp27m-macosx_10_14_x86_64.whl", hash = "sha256:dcdbe27f75da9b8f58815c6ac9a1f8fa2d7a8d42abc22abb664e089002d5ffa4"},
    {file = "lmdb-1.4.1-cp310-cp310-macosx_11_0_x86_64.whl", hash = "sha256:032ce6f490caedbec642fc0a79114475e8520d1bf1e1465c6a12b8e5fe39022f"},
    {file = "lmdb-1.4.1-cp310-cp310-manylinux_2_17_aarch64.manylinux2014_aarch64.whl", hash = "sha256:13c5c8504d419039d6617cee24941e420d648a5b15c4b21e6491821400e5750f"},
    {file = "lmdb-1.4.1-cp310-cp310-manylinux_2_17_x86_64.manylinux2014_x86_64.whl", hash = "sha256:6f8018a947608c4be0dc885c90f477a600be1b71285059a9c68280d36b3fb29b"},
    {file = "lmdb-1.4.1-cp310-cp310-win_amd64.whl", hash = "sha256:360ac42a8772f571fdd01156e0466d6be52eea1140556a138281b7c887916ae2"},
    {file = "lmdb-1.4.1-cp311-cp311-macosx_10_9_universal2.whl", hash = "sha256:f683f3d9a1771f21a7788a9be98fae9f3ce13cb8d549d6074d0402f284572458"},
    {file = "lmdb-1.4.1-cp311-cp311-manylinux_2_17_aarch64.manylinux2014_aarch64.whl", hash = "sha256:73332a830c72d76d57744cd2b29eca2c258bc406273ca4ee07dc9e48ae84d712"},
    {file = "lmdb-1.4.1-cp311-cp311-manylinux_2_17_x86_64.manylinux2014_x86_64.whl", hash = "sha256:0c178c5134e942256a830b0bca7bb052d3d7c645b4b8759d720ab49ec36b3aae"},
    {file = "lmdb-1.4.1-cp311-cp311-win_amd64.whl", hash = "sha256:12047c239ab6ccbbc9db99277aabcfe1c15b1cfc9ea33b92ab30ddd6f0823a10"},
    {file = "lmdb-1.4.1-cp35-cp35m-macosx_10_14_x86_64.whl", hash = "sha256:91930a2a7eb9acc4d687f9067d6f9ec83c9673bbee55823badbbee2f9a3e9970"},
    {file = "lmdb-1.4.1-cp36-cp36m-macosx_10_14_x86_64.whl", hash = "sha256:1b106eb7a23b6a224bc7dfe2bd5a34c84973dda039965ae99106e10d22833dd9"},
    {file = "lmdb-1.4.1-cp36-cp36m-manylinux_2_17_aarch64.manylinux2014_aarch64.whl", hash = "sha256:9d7779ccfacd5f4c62f28485dd2427b54d19dd7016000e6237816a3750287a82"},
    {file = "lmdb-1.4.1-cp36-cp36m-manylinux_2_17_x86_64.manylinux2014_x86_64.whl", hash = "sha256:0c1f1eff7ae8d8d534309f05e274fd646dd1d4abf5157c59db59a54a55463371"},
    {file = "lmdb-1.4.1-cp36-cp36m-win_amd64.whl", hash = "sha256:b6354df94d241e8c0158f716902224109a5f3f7ed9a24447a25f968427f61d77"},
    {file = "lmdb-1.4.1-cp37-cp37m-macosx_10_15_x86_64.whl", hash = "sha256:64cf7470edfc45ff0369956e40a0784b5225097569299b91f893bd50fa336f52"},
    {file = "lmdb-1.4.1-cp37-cp37m-manylinux_2_17_aarch64.manylinux2014_aarch64.whl", hash = "sha256:a3c15d344731507fcfddb911a86d325e867c5574751af28591e82ecf21aad1e5"},
    {file = "lmdb-1.4.1-cp37-cp37m-manylinux_2_17_x86_64.manylinux2014_x86_64.whl", hash = "sha256:342550b86bb6275bfb89dbde9e48385da51d57124433bd464cd7681d0702f566"},
    {file = "lmdb-1.4.1-cp37-cp37m-win_amd64.whl", hash = "sha256:3a99a3859427fbc273ae1e932b3e7da946089757e74a05a24a19f5c4a1aba933"},
    {file = "lmdb-1.4.1-cp38-cp38-macosx_10_15_x86_64.whl", hash = "sha256:f71da9bd33fd17c9cdbe2bd4ce87f4b36b8f044927df4220bec4b03f209c78a2"},
    {file = "lmdb-1.4.1-cp38-cp38-manylinux_2_17_aarch64.manylinux2014_aarch64.whl", hash = "sha256:4e9ff50ad20d890bc63524230237a61b6eb3be96ad6a6ac475e8ba1a1f2c751f"},
    {file = "lmdb-1.4.1-cp38-cp38-manylinux_2_17_x86_64.manylinux2014_x86_64.whl", hash = "sha256:81abf9475a62b7ced1ac0352967106b7ed1ac5d1c1a0d23ed24abe55a28f9884"},
    {file = "lmdb-1.4.1-cp38-cp38-win_amd64.whl", hash = "sha256:c9fa31743b447a3fbbbdaefc858de1c761568d855155dec54d5ad490f88856b6"},
    {file = "lmdb-1.4.1-cp39-cp39-macosx_11_0_x86_64.whl", hash = "sha256:26ef8fa7bd34a64f78f5e16fa9bcce0fe2ad682dd26ef078f95a8847dacb1171"},
    {file = "lmdb-1.4.1-cp39-cp39-manylinux_2_17_aarch64.manylinux2014_aarch64.whl", hash = "sha256:9f5dc8a335f7925fd667d62a5e43bed3aa35959b32b233fe0112a6ef02e07877"},
    {file = "lmdb-1.4.1-cp39-cp39-manylinux_2_17_x86_64.manylinux2014_x86_64.whl", hash = "sha256:7ba5d78b0ff130b38a56b7161ceb7e27ba4364d827d2bbb251c24b06c28c64cd"},
    {file = "lmdb-1.4.1-cp39-cp39-win_amd64.whl", hash = "sha256:3b84f6a349ed1bd3fa4e6c3c6b711d0389cc8d9206733cb92feffaf102998e0c"},
    {file = "lmdb-1.4.1-pp27-pypy_73-macosx_10_7_x86_64.whl", hash = "sha256:a428e6b0e298290b91b7d0ce409f595c2c9027d7f2076c39ba006290b90d14cc"},
    {file = "lmdb-1.4.1-pp27-pypy_73-win_amd64.whl", hash = "sha256:885d3f3bf51b9167d368e37b1f1277eabf595dceefd69a489bd81c1ffd3d8ffd"},
    {file = "lmdb-1.4.1-pp39-pypy39_pp73-win_amd64.whl", hash = "sha256:4bd8e49d5209c652b2caa18a3a4c30524025d7868d34b7bb249c42f7997da240"},
    {file = "lmdb-1.4.1.tar.gz", hash = "sha256:1f4c76af24e907593487c904ef5eba1993beb38ed385af82adb25a858f2d658d"},
]

[[package]]
name = "mccabe"
version = "0.7.0"
description = "McCabe checker, plugin for flake8"
optional = false
python-versions = ">=3.6"
files = [
    {file = "mccabe-0.7.0-py2.py3-none-any.whl", hash = "sha256:6c2d30ab6be0e4a46919781807b4f0d834ebdd6c6e3dca0bda5a15f863427b6e"},
    {file = "mccabe-0.7.0.tar.gz", hash = "sha256:348e0240c33b60bbdf4e523192ef919f28cb2c3d7d5c7794f74009290f236325"},
]

[[package]]
name = "platformdirs"
version = "3.11.0"
description = "A small Python package for determining appropriate platform-specific dirs, e.g. a \"user data dir\"."
optional = false
python-versions = ">=3.7"
files = [
    {file = "platformdirs-3.11.0-py3-none-any.whl", hash = "sha256:e9d171d00af68be50e9202731309c4e658fd8bc76f55c11c7dd760d023bda68e"},
    {file = "platformdirs-3.11.0.tar.gz", hash = "sha256:cf8ee52a3afdb965072dcc652433e0c7e3e40cf5ea1477cd4b3b1d2eb75495b3"},
]

[package.extras]
docs = ["furo (>=2023.7.26)", "proselint (>=0.13)", "sphinx (>=7.1.1)", "sphinx-autodoc-typehints (>=1.24)"]
test = ["appdirs (==1.4.4)", "covdefaults (>=2.3)", "pytest (>=7.4)", "pytest-cov (>=4.1)", "pytest-mock (>=3.11.1)"]

[[package]]
name = "protobuf"
version = "4.24.3"
description = ""
optional = false
python-versions = ">=3.7"
files = [
    {file = "protobuf-4.24.3-cp310-abi3-win32.whl", hash = "sha256:20651f11b6adc70c0f29efbe8f4a94a74caf61b6200472a9aea6e19898f9fcf4"},
    {file = "protobuf-4.24.3-cp310-abi3-win_amd64.whl", hash = "sha256:3d42e9e4796a811478c783ef63dc85b5a104b44aaaca85d4864d5b886e4b05e3"},
    {file = "protobuf-4.24.3-cp37-abi3-macosx_10_9_universal2.whl", hash = "sha256:6e514e8af0045be2b56e56ae1bb14f43ce7ffa0f68b1c793670ccbe2c4fc7d2b"},
    {file = "protobuf-4.24.3-cp37-abi3-manylinux2014_aarch64.whl", hash = "sha256:ba53c2f04798a326774f0e53b9c759eaef4f6a568ea7072ec6629851c8435959"},
    {file = "protobuf-4.24.3-cp37-abi3-manylinux2014_x86_64.whl", hash = "sha256:f6ccbcf027761a2978c1406070c3788f6de4a4b2cc20800cc03d52df716ad675"},
    {file = "protobuf-4.24.3-cp37-cp37m-win32.whl", hash = "sha256:1b182c7181a2891e8f7f3a1b5242e4ec54d1f42582485a896e4de81aa17540c2"},
    {file = "protobuf-4.24.3-cp37-cp37m-win_amd64.whl", hash = "sha256:b0271a701e6782880d65a308ba42bc43874dabd1a0a0f41f72d2dac3b57f8e76"},
    {file = "protobuf-4.24.3-cp38-cp38-win32.whl", hash = "sha256:e29d79c913f17a60cf17c626f1041e5288e9885c8579832580209de8b75f2a52"},
    {file = "protobuf-4.24.3-cp38-cp38-win_amd64.whl", hash = "sha256:067f750169bc644da2e1ef18c785e85071b7c296f14ac53e0900e605da588719"},
    {file = "protobuf-4.24.3-cp39-cp39-win32.whl", hash = "sha256:2da777d34b4f4f7613cdf85c70eb9a90b1fbef9d36ae4a0ccfe014b0b07906f1"},
    {file = "protobuf-4.24.3-cp39-cp39-win_amd64.whl", hash = "sha256:f631bb982c5478e0c1c70eab383af74a84be66945ebf5dd6b06fc90079668d0b"},
    {file = "protobuf-4.24.3-py3-none-any.whl", hash = "sha256:f6f8dc65625dadaad0c8545319c2e2f0424fede988368893ca3844261342c11a"},
    {file = "protobuf-4.24.3.tar.gz", hash = "sha256:12e9ad2ec079b833176d2921be2cb24281fa591f0b119b208b788adc48c2561d"},
]

[[package]]
name = "pylint"
version = "3.0.0"
description = "python code static checker"
optional = false
python-versions = ">=3.8.0"
files = [
    {file = "pylint-3.0.0-py3-none-any.whl", hash = "sha256:21da8ed1294f88d66c82eb3e624a0993291613548bb17fbccaa220c31c41293b"},
    {file = "pylint-3.0.0.tar.gz", hash = "sha256:d22816c963816d7810b87afe0bdf5c80009e1078ecbb9c8f2e2a24d4430039b1"},
]

[package.dependencies]
astroid = ">=3.0.0,<=3.1.0-dev0"
colorama = {version = ">=0.4.5", markers = "sys_platform == \"win32\""}
dill = [
    {version = ">=0.3.7", markers = "python_version >= \"3.12\""},
    {version = ">=0.3.6", markers = "python_version >= \"3.11\" and python_version < \"3.12\""},
]
isort = ">=4.2.5,<6"
mccabe = ">=0.6,<0.8"
platformdirs = ">=2.2.0"
tomlkit = ">=0.10.1"

[package.extras]
spelling = ["pyenchant (>=3.2,<4.0)"]
testutils = ["gitpython (>3)"]

[[package]]
name = "pymongo"
version = "4.5.0"
description = "Python driver for MongoDB <http://www.mongodb.org>"
optional = false
python-versions = ">=3.7"
files = [
    {file = "pymongo-4.5.0-cp310-cp310-macosx_10_9_universal2.whl", hash = "sha256:2d4fa1b01fa7e5b7bb8d312e3542e211b320eb7a4e3d8dc884327039d93cb9e0"},
    {file = "pymongo-4.5.0-cp310-cp310-manylinux1_i686.whl", hash = "sha256:dfcd2b9f510411de615ccedd47462dae80e82fdc09fe9ab0f0f32f11cf57eeb5"},
    {file = "pymongo-4.5.0-cp310-cp310-manylinux2014_aarch64.whl", hash = "sha256:3e33064f1984db412b34d51496f4ea785a9cff621c67de58e09fb28da6468a52"},
    {file = "pymongo-4.5.0-cp310-cp310-manylinux2014_i686.whl", hash = "sha256:33faa786cc907de63f745f587e9879429b46033d7d97a7b84b37f4f8f47b9b32"},
    {file = "pymongo-4.5.0-cp310-cp310-manylinux2014_ppc64le.whl", hash = "sha256:76a262c41c1a7cbb84a3b11976578a7eb8e788c4b7bfbd15c005fb6ca88e6e50"},
    {file = "pymongo-4.5.0-cp310-cp310-manylinux2014_s390x.whl", hash = "sha256:0f4b125b46fe377984fbaecf2af40ed48b05a4b7676a2ff98999f2016d66b3ec"},
    {file = "pymongo-4.5.0-cp310-cp310-manylinux2014_x86_64.whl", hash = "sha256:40d5f6e853ece9bfc01e9129b228df446f49316a4252bb1fbfae5c3c9dedebad"},
    {file = "pymongo-4.5.0-cp310-cp310-manylinux_2_17_aarch64.manylinux2014_aarch64.whl", hash = "sha256:152259f0f1a60f560323aacf463a3642a65a25557683f49cfa08c8f1ecb2395a"},
    {file = "pymongo-4.5.0-cp310-cp310-manylinux_2_17_ppc64le.manylinux2014_ppc64le.whl", hash = "sha256:6d64878d1659d2a5bdfd0f0a4d79bafe68653c573681495e424ab40d7b6d6d41"},
    {file = "pymongo-4.5.0-cp310-cp310-manylinux_2_17_s390x.manylinux2014_s390x.whl", hash = "sha256:f1bb3a62395ffe835dbef3a1cbff48fbcce709c78bd1f52e896aee990928432b"},
    {file = "pymongo-4.5.0-cp310-cp310-manylinux_2_17_x86_64.manylinux2014_x86_64.whl", hash = "sha256:fe48f50fb6348511a3268a893bfd4ab5f263f5ac220782449d03cd05964d1ae7"},
    {file = "pymongo-4.5.0-cp310-cp310-manylinux_2_5_i686.manylinux1_i686.manylinux_2_17_i686.manylinux2014_i686.whl", hash = "sha256:7591a3beea6a9a4fa3080d27d193b41f631130e3ffa76b88c9ccea123f26dc59"},
    {file = "pymongo-4.5.0-cp310-cp310-win32.whl", hash = "sha256:3a7166d57dc74d679caa7743b8ecf7dc3a1235a9fd178654dddb2b2a627ae229"},
    {file = "pymongo-4.5.0-cp310-cp310-win_amd64.whl", hash = "sha256:21b953da14549ff62ea4ae20889c71564328958cbdf880c64a92a48dda4c9c53"},
    {file = "pymongo-4.5.0-cp311-cp311-macosx_10_9_universal2.whl", hash = "sha256:ead4f19d0257a756b21ac2e0e85a37a7245ddec36d3b6008d5bfe416525967dc"},
    {file = "pymongo-4.5.0-cp311-cp311-manylinux_2_17_aarch64.manylinux2014_aarch64.whl", hash = "sha256:9aff6279e405dc953eeb540ab061e72c03cf38119613fce183a8e94f31be608f"},
    {file = "pymongo-4.5.0-cp311-cp311-manylinux_2_17_ppc64le.manylinux2014_ppc64le.whl", hash = "sha256:cd4c8d6aa91d3e35016847cbe8d73106e3d1c9a4e6578d38e2c346bfe8edb3ca"},
    {file = "pymongo-4.5.0-cp311-cp311-manylinux_2_17_s390x.manylinux2014_s390x.whl", hash = "sha256:08819da7864f9b8d4a95729b2bea5fffed08b63d3b9c15b4fea47de655766cf5"},
    {file = "pymongo-4.5.0-cp311-cp311-manylinux_2_17_x86_64.manylinux2014_x86_64.whl", hash = "sha256:a253b765b7cbc4209f1d8ee16c7287c4268d3243070bf72d7eec5aa9dfe2a2c2"},
    {file = "pymongo-4.5.0-cp311-cp311-manylinux_2_5_i686.manylinux1_i686.manylinux_2_17_i686.manylinux2014_i686.whl", hash = "sha256:8027c9063579083746147cf401a7072a9fb6829678076cd3deff28bb0e0f50c8"},
    {file = "pymongo-4.5.0-cp311-cp311-win32.whl", hash = "sha256:9d2346b00af524757576cc2406414562cced1d4349c92166a0ee377a2a483a80"},
    {file = "pymongo-4.5.0-cp311-cp311-win_amd64.whl", hash = "sha256:c3c3525ea8658ee1192cdddf5faf99b07ebe1eeaa61bf32821126df6d1b8072b"},
    {file = "pymongo-4.5.0-cp312-cp312-macosx_10_9_universal2.whl", hash = "sha256:e5a27f348909235a106a3903fc8e70f573d89b41d723a500869c6569a391cff7"},
    {file = "pymongo-4.5.0-cp312-cp312-manylinux_2_17_aarch64.manylinux2014_aarch64.whl", hash = "sha256:c9a9a39b7cac81dca79fca8c2a6479ef4c7b1aab95fad7544cc0e8fd943595a2"},
    {file = "pymongo-4.5.0-cp312-cp312-manylinux_2_17_ppc64le.manylinux2014_ppc64le.whl", hash = "sha256:496c9cbcb4951183d4503a9d7d2c1e3694aab1304262f831d5e1917e60386036"},
    {file = "pymongo-4.5.0-cp312-cp312-manylinux_2_17_s390x.manylinux2014_s390x.whl", hash = "sha256:23cc6d7eb009c688d70da186b8f362d61d5dd1a2c14a45b890bd1e91e9c451f2"},
    {file = "pymongo-4.5.0-cp312-cp312-manylinux_2_17_x86_64.manylinux2014_x86_64.whl", hash = "sha256:fff7d17d30b2cd45afd654b3fc117755c5d84506ed25fda386494e4e0a3416e1"},
    {file = "pymongo-4.5.0-cp312-cp312-manylinux_2_5_i686.manylinux1_i686.manylinux_2_17_i686.manylinux2014_i686.whl", hash = "sha256:6422b6763b016f2ef2beedded0e546d6aa6ba87910f9244d86e0ac7690f75c96"},
    {file = "pymongo-4.5.0-cp312-cp312-win32.whl", hash = "sha256:77cfff95c1fafd09e940b3fdcb7b65f11442662fad611d0e69b4dd5d17a81c60"},
    {file = "pymongo-4.5.0-cp312-cp312-win_amd64.whl", hash = "sha256:e57d859b972c75ee44ea2ef4758f12821243e99de814030f69a3decb2aa86807"},
    {file = "pymongo-4.5.0-cp37-cp37m-manylinux1_i686.whl", hash = "sha256:2b0176f9233a5927084c79ff80b51bd70bfd57e4f3d564f50f80238e797f0c8a"},
    {file = "pymongo-4.5.0-cp37-cp37m-manylinux1_x86_64.whl", hash = "sha256:89b3f2da57a27913d15d2a07d58482f33d0a5b28abd20b8e643ab4d625e36257"},
    {file = "pymongo-4.5.0-cp37-cp37m-manylinux2014_aarch64.whl", hash = "sha256:5caee7bd08c3d36ec54617832b44985bd70c4cbd77c5b313de6f7fce0bb34f93"},
    {file = "pymongo-4.5.0-cp37-cp37m-manylinux2014_i686.whl", hash = "sha256:1d40ad09d9f5e719bc6f729cc6b17f31c0b055029719406bd31dde2f72fca7e7"},
    {file = "pymongo-4.5.0-cp37-cp37m-manylinux2014_ppc64le.whl", hash = "sha256:076afa0a4a96ca9f77fec0e4a0d241200b3b3a1766f8d7be9a905ecf59a7416b"},
    {file = "pymongo-4.5.0-cp37-cp37m-manylinux2014_s390x.whl", hash = "sha256:3fa3648e4f1e63ddfe53563ee111079ea3ab35c3b09cd25bc22dadc8269a495f"},
    {file = "pymongo-4.5.0-cp37-cp37m-manylinux2014_x86_64.whl", hash = "sha256:44ee985194c426ddf781fa784f31ffa29cb59657b2dba09250a4245431847d73"},
    {file = "pymongo-4.5.0-cp37-cp37m-manylinux_2_17_aarch64.manylinux2014_aarch64.whl", hash = "sha256:b33c17d9e694b66d7e96977e9e56df19d662031483efe121a24772a44ccbbc7e"},
    {file = "pymongo-4.5.0-cp37-cp37m-manylinux_2_17_ppc64le.manylinux2014_ppc64le.whl", hash = "sha256:3d79ae3bb1ff041c0db56f138c88ce1dfb0209f3546d8d6e7c3f74944ecd2439"},
    {file = "pymongo-4.5.0-cp37-cp37m-manylinux_2_17_s390x.manylinux2014_s390x.whl", hash = "sha256:d67225f05f6ea27c8dc57f3fa6397c96d09c42af69d46629f71e82e66d33fa4f"},
    {file = "pymongo-4.5.0-cp37-cp37m-manylinux_2_17_x86_64.manylinux2014_x86_64.whl", hash = "sha256:41771b22dd2822540f79a877c391283d4e6368125999a5ec8beee1ce566f3f82"},
    {file = "pymongo-4.5.0-cp37-cp37m-manylinux_2_5_i686.manylinux1_i686.manylinux_2_17_i686.manylinux2014_i686.whl", hash = "sha256:0a1f26bc1f5ce774d99725773901820dfdfd24e875028da4a0252a5b48dcab5c"},
    {file = "pymongo-4.5.0-cp37-cp37m-manylinux_2_5_i686.manylinux1_i686.whl", hash = "sha256:3236cf89d69679eaeb9119c840f5c7eb388a2110b57af6bb6baf01a1da387c18"},
    {file = "pymongo-4.5.0-cp37-cp37m-manylinux_2_5_x86_64.manylinux1_x86_64.whl", hash = "sha256:e1f61355c821e870fb4c17cdb318669cfbcf245a291ce5053b41140870c3e5cc"},
    {file = "pymongo-4.5.0-cp37-cp37m-win32.whl", hash = "sha256:49dce6957598975d8b8d506329d2a3a6c4aee911fa4bbcf5e52ffc6897122950"},
    {file = "pymongo-4.5.0-cp37-cp37m-win_amd64.whl", hash = "sha256:f2227a08b091bd41df5aadee0a5037673f691e2aa000e1968b1ea2342afc6880"},
    {file = "pymongo-4.5.0-cp38-cp38-macosx_11_0_universal2.whl", hash = "sha256:435228d3c16a375274ac8ab9c4f9aef40c5e57ddb8296e20ecec9e2461da1017"},
    {file = "pymongo-4.5.0-cp38-cp38-manylinux1_i686.whl", hash = "sha256:8e559116e4128630ad3b7e788e2e5da81cbc2344dee246af44471fa650486a70"},
    {file = "pymongo-4.5.0-cp38-cp38-manylinux1_x86_64.whl", hash = "sha256:840eaf30ccac122df260b6005f9dfae4ac287c498ee91e3e90c56781614ca238"},
    {file = "pymongo-4.5.0-cp38-cp38-manylinux2014_aarch64.whl", hash = "sha256:b4fe46b58010115514b842c669a0ed9b6a342017b15905653a5b1724ab80917f"},
    {file = "pymongo-4.5.0-cp38-cp38-manylinux2014_i686.whl", hash = "sha256:a8127437ebc196a6f5e8fddd746bd0903a400dc6b5ae35df672dd1ccc7170a2a"},
    {file = "pymongo-4.5.0-cp38-cp38-manylinux2014_ppc64le.whl", hash = "sha256:2988ef5e6b360b3ff1c6d55c53515499de5f48df31afd9f785d788cdacfbe2d3"},
    {file = "pymongo-4.5.0-cp38-cp38-manylinux2014_s390x.whl", hash = "sha256:e249190b018d63c901678053b4a43e797ca78b93fb6d17633e3567d4b3ec6107"},
    {file = "pymongo-4.5.0-cp38-cp38-manylinux2014_x86_64.whl", hash = "sha256:1240edc1a448d4ada4bf1a0e55550b6292420915292408e59159fd8bbdaf8f63"},
    {file = "pymongo-4.5.0-cp38-cp38-manylinux_2_17_aarch64.manylinux2014_aarch64.whl", hash = "sha256:b6d2a56fc2354bb6378f3634402eec788a8f3facf0b3e7d468db5f2b5a78d763"},
    {file = "pymongo-4.5.0-cp38-cp38-manylinux_2_17_ppc64le.manylinux2014_ppc64le.whl", hash = "sha256:2a0aade2b11dc0c326ccd429ee4134d2d47459ff68d449c6d7e01e74651bd255"},
    {file = "pymongo-4.5.0-cp38-cp38-manylinux_2_17_s390x.manylinux2014_s390x.whl", hash = "sha256:74c0da07c04d0781490b2915e7514b1adb265ef22af039a947988c331ee7455b"},
    {file = "pymongo-4.5.0-cp38-cp38-manylinux_2_17_x86_64.manylinux2014_x86_64.whl", hash = "sha256:f3754acbd7efc7f1b529039fcffc092a15e1cf045e31f22f6c9c5950c613ec4d"},
    {file = "pymongo-4.5.0-cp38-cp38-manylinux_2_5_i686.manylinux1_i686.manylinux_2_17_i686.manylinux2014_i686.whl", hash = "sha256:631492573a1bef2f74f9ac0f9d84e0ce422c251644cd81207530af4aa2ee1980"},
    {file = "pymongo-4.5.0-cp38-cp38-manylinux_2_5_i686.manylinux1_i686.whl", hash = "sha256:e2654d1278384cff75952682d17c718ecc1ad1d6227bb0068fd826ba47d426a5"},
    {file = "pymongo-4.5.0-cp38-cp38-manylinux_2_5_x86_64.manylinux1_x86_64.whl", hash = "sha256:168172ef7856e20ec024fe2a746bfa895c88b32720138e6438fd765ebd2b62dd"},
    {file = "pymongo-4.5.0-cp38-cp38-win32.whl", hash = "sha256:b25f7bea162b3dbec6d33c522097ef81df7c19a9300722fa6853f5b495aecb77"},
    {file = "pymongo-4.5.0-cp38-cp38-win_amd64.whl", hash = "sha256:b520aafc6cb148bac09ccf532f52cbd31d83acf4d3e5070d84efe3c019a1adbf"},
    {file = "pymongo-4.5.0-cp39-cp39-macosx_10_9_universal2.whl", hash = "sha256:8543253adfaa0b802bfa88386db1009c6ebb7d5684d093ee4edc725007553d21"},
    {file = "pymongo-4.5.0-cp39-cp39-manylinux1_i686.whl", hash = "sha256:bc5d8c3647b8ae28e4312f1492b8f29deebd31479cd3abaa989090fb1d66db83"},
    {file = "pymongo-4.5.0-cp39-cp39-manylinux1_x86_64.whl", hash = "sha256:505f8519c4c782a61d94a17b0da50be639ec462128fbd10ab0a34889218fdee3"},
    {file = "pymongo-4.5.0-cp39-cp39-manylinux2014_aarch64.whl", hash = "sha256:53f2dda54d76a98b43a410498bd12f6034b2a14b6844ca08513733b2b20b7ad8"},
    {file = "pymongo-4.5.0-cp39-cp39-manylinux2014_i686.whl", hash = "sha256:9c04b9560872fa9a91251030c488e0a73bce9321a70f991f830c72b3f8115d0d"},
    {file = "pymongo-4.5.0-cp39-cp39-manylinux2014_ppc64le.whl", hash = "sha256:58a63a26a1e3dc481dd3a18d6d9f8bd1d576cd1ffe0d479ba7dd38b0aeb20066"},
    {file = "pymongo-4.5.0-cp39-cp39-manylinux2014_s390x.whl", hash = "sha256:f076b779aa3dc179aa3ed861be063a313ed4e48ae9f6a8370a9b1295d4502111"},
    {file = "pymongo-4.5.0-cp39-cp39-manylinux2014_x86_64.whl", hash = "sha256:1b1d7d9aabd8629a31d63cd106d56cca0e6420f38e50563278b520f385c0d86e"},
    {file = "pymongo-4.5.0-cp39-cp39-manylinux_2_17_aarch64.manylinux2014_aarch64.whl", hash = "sha256:37df8f6006286a5896d1cbc3efb8471ced42e3568d38e6cb00857277047b0d63"},
    {file = "pymongo-4.5.0-cp39-cp39-manylinux_2_17_ppc64le.manylinux2014_ppc64le.whl", hash = "sha256:56320c401f544d762fc35766936178fbceb1d9261cd7b24fbfbc8fb6f67aa8a5"},
    {file = "pymongo-4.5.0-cp39-cp39-manylinux_2_17_s390x.manylinux2014_s390x.whl", hash = "sha256:bbd705d5f3c3d1ff2d169e418bb789ff07ab3c70d567cc6ba6b72b04b9143481"},
    {file = "pymongo-4.5.0-cp39-cp39-manylinux_2_17_x86_64.manylinux2014_x86_64.whl", hash = "sha256:80a167081c75cf66b32f30e2f1eaee9365af935a86dbd76788169911bed9b5d5"},
    {file = "pymongo-4.5.0-cp39-cp39-manylinux_2_5_i686.manylinux1_i686.manylinux_2_17_i686.manylinux2014_i686.whl", hash = "sha256:4c42748ccc451dfcd9cef6c5447a7ab727351fd9747ad431db5ebb18a9b78a4d"},
    {file = "pymongo-4.5.0-cp39-cp39-manylinux_2_5_i686.manylinux1_i686.whl", hash = "sha256:cf62da7a4cdec9a4b2981fcbd5e08053edffccf20e845c0b6ec1e77eb7fab61d"},
    {file = "pymongo-4.5.0-cp39-cp39-manylinux_2_5_x86_64.manylinux1_x86_64.whl", hash = "sha256:b5bbb87fa0511bd313d9a2c90294c88db837667c2bda2ea3fa7a35b59fd93b1f"},
    {file = "pymongo-4.5.0-cp39-cp39-win32.whl", hash = "sha256:465fd5b040206f8bce7016b01d7e7f79d2fcd7c2b8e41791be9632a9df1b4999"},
    {file = "pymongo-4.5.0-cp39-cp39-win_amd64.whl", hash = "sha256:63d8019eee119df308a075b8a7bdb06d4720bf791e2b73d5ab0e7473c115d79c"},
    {file = "pymongo-4.5.0.tar.gz", hash = "sha256:681f252e43b3ef054ca9161635f81b730f4d8cadd28b3f2b2004f5a72f853982"},
]

[package.dependencies]
dnspython = ">=1.16.0,<3.0.0"

[package.extras]
aws = ["pymongo-auth-aws (<2.0.0)"]
encryption = ["certifi", "pymongo[aws]", "pymongocrypt (>=1.6.0,<2.0.0)"]
gssapi = ["pykerberos", "winkerberos (>=0.5.0)"]
ocsp = ["certifi", "cryptography (>=2.5)", "pyopenssl (>=17.2.0)", "requests (<3.0.0)", "service-identity (>=18.1.0)"]
snappy = ["python-snappy"]
zstd = ["zstandard"]

[[package]]
name = "tomli"
version = "2.0.1"
description = "A lil' TOML parser"
optional = false
python-versions = ">=3.7"
files = [
    {file = "tomli-2.0.1-py3-none-any.whl", hash = "sha256:939de3e7a6161af0c887ef91b7d41a53e7c5a1ca976325f429cb46ea9bc30ecc"},
    {file = "tomli-2.0.1.tar.gz", hash = "sha256:de526c12914f0c550d15924c62d72abc48d6fe7364aa87328337a31007fe8a4f"},
]

[[package]]
name = "tomlkit"
version = "0.12.1"
description = "Style preserving TOML library"
optional = false
python-versions = ">=3.7"
files = [
    {file = "tomlkit-0.12.1-py3-none-any.whl", hash = "sha256:712cbd236609acc6a3e2e97253dfc52d4c2082982a88f61b640ecf0817eab899"},
    {file = "tomlkit-0.12.1.tar.gz", hash = "sha256:38e1ff8edb991273ec9f6181244a6a391ac30e9f5098e7535640ea6be97a7c86"},
]

[[package]]
name = "typing-extensions"
version = "4.8.0"
description = "Backported and Experimental Type Hints for Python 3.8+"
optional = false
python-versions = ">=3.8"
files = [
    {file = "typing_extensions-4.8.0-py3-none-any.whl", hash = "sha256:8f92fc8806f9a6b641eaa5318da32b44d401efaac0f6678c9bc448ba3605faa0"},
    {file = "typing_extensions-4.8.0.tar.gz", hash = "sha256:df8e4339e9cb77357558cbdbceca33c303714cf861d1eef15e1070055ae8b7ef"},
]

[[package]]
name = "yapf"
version = "0.40.2"
description = "A formatter for Python code"
optional = false
python-versions = ">=3.7"
files = [
    {file = "yapf-0.40.2-py3-none-any.whl", hash = "sha256:adc8b5dd02c0143108878c499284205adb258aad6db6634e5b869e7ee2bd548b"},
    {file = "yapf-0.40.2.tar.gz", hash = "sha256:4dab8a5ed7134e26d57c1647c7483afb3f136878b579062b786c9ba16b94637b"},
]

[package.dependencies]
importlib-metadata = ">=6.6.0"
platformdirs = ">=3.5.1"
tomli = ">=2.0.1"

[[package]]
name = "zipp"
version = "3.17.0"
description = "Backport of pathlib-compatible object wrapper for zip files"
optional = false
python-versions = ">=3.8"
files = [
    {file = "zipp-3.17.0-py3-none-any.whl", hash = "sha256:0e923e726174922dce09c53c59ad483ff7bbb8e572e00c7f7c46b88556409f31"},
    {file = "zipp-3.17.0.tar.gz", hash = "sha256:84e64a1c28cf7e91ed2078bb8cc8c259cb19b76942096c8d7b84947690cabaf0"},
]

[package.extras]
docs = ["furo", "jaraco.packaging (>=9.3)", "jaraco.tidelift (>=1.4)", "rst.linker (>=1.9)", "sphinx (<7.2.5)", "sphinx (>=3.5)", "sphinx-lint"]
testing = ["big-O", "jaraco.functools", "jaraco.itertools", "more-itertools", "pytest (>=6)", "pytest-black (>=0.3.7)", "pytest-checkdocs (>=2.4)", "pytest-cov", "pytest-enabler (>=2.2)", "pytest-ignore-flaky", "pytest-mypy (>=0.9.1)", "pytest-ruff"]

[metadata]
lock-version = "2.0"
python-versions = "^3.11"
content-hash = "5d8d3c00e08e883e0af3543ba460da2fdf09114bd5a02c0894d80297345f36d0"
